
Microsoft Visual Studio Solution File, Format Version 12.00
# Visual Studio Version 17
VisualStudioVersion = 17.10.35122.118
MinimumVisualStudioVersion = 10.0.40219.1
Project("{FAE04EC0-301F-11D3-BF4B-00C04F79EFBC}") = "9x9gombok", "9x9gombok\9x9gombok.csproj", "{0FA295BD-AEEA-4330-94CC-A7B08D71D69D}"
EndProject
Global
	GlobalSection(SolutionConfigurationPlatforms) = preSolution
		Debug|Any CPU = Debug|Any CPU
		Release|Any CPU = Release|Any CPU
	EndGlobalSection
	GlobalSection(ProjectConfigurationPlatforms) = postSolution
		{0FA295BD-AEEA-4330-94CC-A7B08D71D69D}.Debug|Any CPU.ActiveCfg = Debug|Any CPU
		{0FA295BD-AEEA-4330-94CC-A7B08D71D69D}.Debug|Any CPU.Build.0 = Debug|Any CPU
		{0FA295BD-AEEA-4330-94CC-A7B08D71D69D}.Release|Any CPU.ActiveCfg = Release|Any CPU
		{0FA295BD-AEEA-4330-94CC-A7B08D71D69D}.Release|Any CPU.Build.0 = Release|Any CPU
	EndGlobalSection
	GlobalSection(SolutionProperties) = preSolution
		HideSolutionNode = FALSE
	EndGlobalSection
	GlobalSection(ExtensibilityGlobals) = postSolution
		SolutionGuid = {9179112D-E368-40CD-A67A-2262900BF512}
	EndGlobalSection
EndGlobal
